// !$*UTF8*$!
{
	archiveVersion = 1;
	classes = {
	};
	objectVersion = 46;
	objects = {

/* Begin PBXBuildFile section */
		350C8D2E1DE69C33005B8C27 /* main.m in Sources */ = {isa = PBXBuildFile; fileRef = 350C8D2D1DE69C33005B8C27 /* main.m */; };
		350C8D311DE69C33005B8C27 /* AppDelegate.m in Sources */ = {isa = PBXBuildFile; fileRef = 350C8D301DE69C33005B8C27 /* AppDelegate.m */; };
		350C8D341DE69C33005B8C27 /* ViewController.m in Sources */ = {isa = PBXBuildFile; fileRef = 350C8D331DE69C33005B8C27 /* ViewController.m */; };
		350C8D371DE69C33005B8C27 /* Main.storyboard in Resources */ = {isa = PBXBuildFile; fileRef = 350C8D351DE69C33005B8C27 /* Main.storyboard */; };
		350C8D391DE69C33005B8C27 /* Assets.xcassets in Resources */ = {isa = PBXBuildFile; fileRef = 350C8D381DE69C33005B8C27 /* Assets.xcassets */; };
		350C8D3C1DE69C33005B8C27 /* LaunchScreen.storyboard in Resources */ = {isa = PBXBuildFile; fileRef = 350C8D3A1DE69C33005B8C27 /* LaunchScreen.storyboard */; };
		350C8D441DE6A0C0005B8C27 /* feed.geojson in Resources */ = {isa = PBXBuildFile; fileRef = 350C8D431DE6A0C0005B8C27 /* feed.geojson */; };
		350C8D471DE6A4D5005B8C27 /* FeedTableViewCell.m in Sources */ = {isa = PBXBuildFile; fileRef = 350C8D461DE6A4D5005B8C27 /* FeedTableViewCell.m */; };
		350C8D4A1DE6AD38005B8C27 /* Feed.m in Sources */ = {isa = PBXBuildFile; fileRef = 350C8D491DE6AD38005B8C27 /* Feed.m */; };
		350C8D4D1DE6AD41005B8C27 /* FeedLayout.m in Sources */ = {isa = PBXBuildFile; fileRef = 350C8D4C1DE6AD41005B8C27 /* FeedLayout.m */; };
		350C8D501DE6C6DB005B8C27 /* Reply.m in Sources */ = {isa = PBXBuildFile; fileRef = 350C8D4F1DE6C6DB005B8C27 /* Reply.m */; };
		350C8D531DE6C6E5005B8C27 /* ReplyLayout.m in Sources */ = {isa = PBXBuildFile; fileRef = 350C8D521DE6C6E5005B8C27 /* ReplyLayout.m */; };
		350C8D561DE6CBEE005B8C27 /* NSString+Size.m in Sources */ = {isa = PBXBuildFile; fileRef = 350C8D551DE6CBEE005B8C27 /* NSString+Size.m */; };
/* End PBXBuildFile section */

/* Begin PBXFileReference section */
		350C8D291DE69C33005B8C27 /* FeedDemo.app */ = {isa = PBXFileReference; explicitFileType = wrapper.application; includeInIndex = 0; path = FeedDemo.app; sourceTree = BUILT_PRODUCTS_DIR; };
		350C8D2D1DE69C33005B8C27 /* main.m */ = {isa = PBXFileReference; lastKnownFileType = sourcecode.c.objc; path = main.m; sourceTree = "<group>"; };
		350C8D2F1DE69C33005B8C27 /* AppDelegate.h */ = {isa = PBXFileReference; lastKnownFileType = sourcecode.c.h; path = AppDelegate.h; sourceTree = "<group>"; };
		350C8D301DE69C33005B8C27 /* AppDelegate.m */ = {isa = PBXFileReference; lastKnownFileType = sourcecode.c.objc; path = AppDelegate.m; sourceTree = "<group>"; };
		350C8D321DE69C33005B8C27 /* ViewController.h */ = {isa = PBXFileReference; lastKnownFileType = sourcecode.c.h; path = ViewController.h; sourceTree = "<group>"; };
		350C8D331DE69C33005B8C27 /* ViewController.m */ = {isa = PBXFileReference; lastKnownFileType = sourcecode.c.objc; path = ViewController.m; sourceTree = "<group>"; };
		350C8D361DE69C33005B8C27 /* Base */ = {isa = PBXFileReference; lastKnownFileType = file.storyboard; name = Base; path = Base.lproj/Main.storyboard; sourceTree = "<group>"; };
		350C8D381DE69C33005B8C27 /* Assets.xcassets */ = {isa = PBXFileReference; lastKnownFileType = folder.assetcatalog; path = Assets.xcassets; sourceTree = "<group>"; };
		350C8D3B1DE69C33005B8C27 /* Base */ = {isa = PBXFileReference; lastKnownFileType = file.storyboard; name = Base; path = Base.lproj/LaunchScreen.storyboard; sourceTree = "<group>"; };
		350C8D3D1DE69C33005B8C27 /* Info.plist */ = {isa = PBXFileReference; lastKnownFileType = text.plist.xml; path = Info.plist; sourceTree = "<group>"; };
		350C8D431DE6A0C0005B8C27 /* feed.geojson */ = {isa = PBXFileReference; fileEncoding = 4; lastKnownFileType = text; path = feed.geojson; sourceTree = "<group>"; };
		350C8D451DE6A4D5005B8C27 /* FeedTableViewCell.h */ = {isa = PBXFileReference; fileEncoding = 4; lastKnownFileType = sourcecode.c.h; path = FeedTableViewCell.h; sourceTree = "<group>"; };
		350C8D461DE6A4D5005B8C27 /* FeedTableViewCell.m */ = {isa = PBXFileReference; fileEncoding = 4; lastKnownFileType = sourcecode.c.objc; path = FeedTableViewCell.m; sourceTree = "<group>"; };
		350C8D481DE6AD38005B8C27 /* Feed.h */ = {isa = PBXFileReference; fileEncoding = 4; lastKnownFileType = sourcecode.c.h; path = Feed.h; sourceTree = "<group>"; };
		350C8D491DE6AD38005B8C27 /* Feed.m */ = {isa = PBXFileReference; fileEncoding = 4; lastKnownFileType = sourcecode.c.objc; path = Feed.m; sourceTree = "<group>"; };
		350C8D4B1DE6AD41005B8C27 /* FeedLayout.h */ = {isa = PBXFileReference; fileEncoding = 4; lastKnownFileType = sourcecode.c.h; path = FeedLayout.h; sourceTree = "<group>"; };
		350C8D4C1DE6AD41005B8C27 /* FeedLayout.m */ = {isa = PBXFileReference; fileEncoding = 4; lastKnownFileType = sourcecode.c.objc; path = FeedLayout.m; sourceTree = "<group>"; };
		350C8D4E1DE6C6DB005B8C27 /* Reply.h */ = {isa = PBXFileReference; fileEncoding = 4; lastKnownFileType = sourcecode.c.h; path = Reply.h; sourceTree = "<group>"; };
		350C8D4F1DE6C6DB005B8C27 /* Reply.m */ = {isa = PBXFileReference; fileEncoding = 4; lastKnownFileType = sourcecode.c.objc; path = Reply.m; sourceTree = "<group>"; };
		350C8D511DE6C6E5005B8C27 /* ReplyLayout.h */ = {isa = PBXFileReference; fileEncoding = 4; lastKnownFileType = sourcecode.c.h; path = ReplyLayout.h; sourceTree = "<group>"; };
		350C8D521DE6C6E5005B8C27 /* ReplyLayout.m */ = {isa = PBXFileReference; fileEncoding = 4; lastKnownFileType = sourcecode.c.objc; path = ReplyLayout.m; sourceTree = "<group>"; };
		350C8D541DE6CBEE005B8C27 /* NSString+Size.h */ = {isa = PBXFileReference; fileEncoding = 4; lastKnownFileType = sourcecode.c.h; path = "NSString+Size.h"; sourceTree = "<group>"; };
		350C8D551DE6CBEE005B8C27 /* NSString+Size.m */ = {isa = PBXFileReference; fileEncoding = 4; lastKnownFileType = sourcecode.c.objc; path = "NSString+Size.m"; sourceTree = "<group>"; };
/* End PBXFileReference section */

/* Begin PBXFrameworksBuildPhase section */
		350C8D261DE69C33005B8C27 /* Frameworks */ = {
			isa = PBXFrameworksBuildPhase;
			buildActionMask = 2147483647;
			files = (
			);
			runOnlyForDeploymentPostprocessing = 0;
		};
/* End PBXFrameworksBuildPhase section */

/* Begin PBXGroup section */
		350C8D201DE69C33005B8C27 = {
			isa = PBXGroup;
			children = (
				350C8D2B1DE69C33005B8C27 /* FeedDemo */,
				350C8D2A1DE69C33005B8C27 /* Products */,
			);
			sourceTree = "<group>";
		};
		350C8D2A1DE69C33005B8C27 /* Products */ = {
			isa = PBXGroup;
			children = (
				350C8D291DE69C33005B8C27 /* FeedDemo.app */,
			);
			name = Products;
			sourceTree = "<group>";
		};
		350C8D2B1DE69C33005B8C27 /* FeedDemo */ = {
			isa = PBXGroup;
			children = (
				350C8D2F1DE69C33005B8C27 /* AppDelegate.h */,
				350C8D301DE69C33005B8C27 /* AppDelegate.m */,
				350C8D541DE6CBEE005B8C27 /* NSString+Size.h */,
				350C8D551DE6CBEE005B8C27 /* NSString+Size.m */,
				350C8D4E1DE6C6DB005B8C27 /* Reply.h */,
				350C8D4F1DE6C6DB005B8C27 /* Reply.m */,
				350C8D511DE6C6E5005B8C27 /* ReplyLayout.h */,
				350C8D521DE6C6E5005B8C27 /* ReplyLayout.m */,
				350C8D481DE6AD38005B8C27 /* Feed.h */,
				350C8D491DE6AD38005B8C27 /* Feed.m */,
				350C8D4B1DE6AD41005B8C27 /* FeedLayout.h */,
				350C8D4C1DE6AD41005B8C27 /* FeedLayout.m */,
				350C8D451DE6A4D5005B8C27 /* FeedTableViewCell.h */,
				350C8D461DE6A4D5005B8C27 /* FeedTableViewCell.m */,
				350C8D321DE69C33005B8C27 /* ViewController.h */,
				350C8D331DE69C33005B8C27 /* ViewController.m */,
				350C8D431DE6A0C0005B8C27 /* feed.geojson */,
				350C8D351DE69C33005B8C27 /* Main.storyboard */,
				350C8D381DE69C33005B8C27 /* Assets.xcassets */,
				350C8D3A1DE69C33005B8C27 /* LaunchScreen.storyboard */,
				350C8D3D1DE69C33005B8C27 /* Info.plist */,
				350C8D2C1DE69C33005B8C27 /* Supporting Files */,
			);
			path = FeedDemo;
			sourceTree = "<group>";
		};
		350C8D2C1DE69C33005B8C27 /* Supporting Files */ = {
			isa = PBXGroup;
			children = (
				350C8D2D1DE69C33005B8C27 /* main.m */,
			);
			name = "Supporting Files";
			sourceTree = "<group>";
		};
/* End PBXGroup section */

/* Begin PBXNativeTarget section */
		350C8D281DE69C33005B8C27 /* FeedDemo */ = {
			isa = PBXNativeTarget;
			buildConfigurationList = 350C8D401DE69C33005B8C27 /* Build configuration list for PBXNativeTarget "FeedDemo" */;
			buildPhases = (
				350C8D251DE69C33005B8C27 /* Sources */,
				350C8D261DE69C33005B8C27 /* Frameworks */,
				350C8D271DE69C33005B8C27 /* Resources */,
			);
			buildRules = (
			);
			dependencies = (
			);
			name = FeedDemo;
			productName = FeedDemo;
			productReference = 350C8D291DE69C33005B8C27 /* FeedDemo.app */;
			productType = "com.apple.product-type.application";
		};
/* End PBXNativeTarget section */

/* Begin PBXProject section */
		350C8D211DE69C33005B8C27 /* Project object */ = {
			isa = PBXProject;
			attributes = {
				LastUpgradeCheck = 0730;
				ORGANIZATIONNAME = DING;
				TargetAttributes = {
					350C8D281DE69C33005B8C27 = {
						CreatedOnToolsVersion = 7.3.1;
					};
				};
			};
			buildConfigurationList = 350C8D241DE69C33005B8C27 /* Build configuration list for PBXProject "FeedDemo" */;
			compatibilityVersion = "Xcode 3.2";
			developmentRegion = English;
			hasScannedForEncodings = 0;
			knownRegions = (
				en,
				Base,
			);
			mainGroup = 350C8D201DE69C33005B8C27;
			productRefGroup = 350C8D2A1DE69C33005B8C27 /* Products */;
			projectDirPath = "";
			projectRoot = "";
			targets = (
				350C8D281DE69C33005B8C27 /* FeedDemo */,
			);
		};
/* End PBXProject section */

/* Begin PBXResourcesBuildPhase section */
		350C8D271DE69C33005B8C27 /* Resources */ = {
			isa = PBXResourcesBuildPhase;
			buildActionMask = 2147483647;
			files = (
				350C8D3C1DE69C33005B8C27 /* LaunchScreen.storyboard in Resources */,
				350C8D391DE69C33005B8C27 /* Assets.xcassets in Resources */,
				350C8D371DE69C33005B8C27 /* Main.storyboard in Resources */,
				350C8D441DE6A0C0005B8C27 /* feed.geojson in Resources */,
			);
			runOnlyForDeploymentPostprocessing = 0;
		};
/* End PBXResourcesBuildPhase section */

/* Begin PBXSourcesBuildPhase section */
		350C8D251DE69C33005B8C27 /* Sources */ = {
			isa = PBXSourcesBuildPhase;
			buildActionMask = 2147483647;
			files = (
				350C8D4A1DE6AD38005B8C27 /* Feed.m in Sources */,
				350C8D341DE69C33005B8C27 /* ViewController.m in Sources */,
				350C8D531DE6C6E5005B8C27 /* ReplyLayout.m in Sources */,
				350C8D471DE6A4D5005B8C27 /* FeedTableViewCell.m in Sources */,
				350C8D561DE6CBEE005B8C27 /* NSString+Size.m in Sources */,
				350C8D501DE6C6DB005B8C27 /* Reply.m in Sources */,
				350C8D4D1DE6AD41005B8C27 /* FeedLayout.m in Sources */,
				350C8D311DE69C33005B8C27 /* AppDelegate.m in Sources */,
				350C8D2E1DE69C33005B8C27 /* main.m in Sources */,
			);
			runOnlyForDeploymentPostprocessing = 0;
		};
/* End PBXSourcesBuildPhase section */

/* Begin PBXVariantGroup section */
		350C8D351DE69C33005B8C27 /* Main.storyboard */ = {
			isa = PBXVariantGroup;
			children = (
				350C8D361DE69C33005B8C27 /* Base */,
			);
			name = Main.storyboard;
			sourceTree = "<group>";
		};
		350C8D3A1DE69C33005B8C27 /* LaunchScreen.storyboard */ = {
			isa = PBXVariantGroup;
			children = (
				350C8D3B1DE69C33005B8C27 /* Base */,
			);
			name = LaunchScreen.storyboard;
			sourceTree = "<group>";
		};
/* End PBXVariantGroup section */

/* Begin XCBuildConfiguration section */
		350C8D3E1DE69C33005B8C27 /* Debug */ = {
			isa = XCBuildConfiguration;
			buildSettings = {
				ALWAYS_SEARCH_USER_PATHS = NO;
				CLANG_ANALYZER_NONNULL = YES;
				CLANG_CXX_LANGUAGE_STANDARD = "gnu++0x";
				CLANG_CXX_LIBRARY = "libc++";
				CLANG_ENABLE_MODULES = YES;
				CLANG_ENABLE_OBJC_ARC = YES;
				CLANG_WARN_BOOL_CONVERSION = YES;
				CLANG_WARN_CONSTANT_CONVERSION = YES;
				CLANG_WARN_DIRECT_OBJC_ISA_USAGE = YES_ERROR;
				CLANG_WARN_EMPTY_BODY = YES;
				CLANG_WARN_ENUM_CONVERSION = YES;
				CLANG_WARN_INT_CONVERSION = YES;
				CLANG_WARN_OBJC_ROOT_CLASS = YES_ERROR;
				CLANG_WARN_UNREACHABLE_CODE = YES;
				CLANG_WARN__DUPLICATE_METHOD_MATCH = YES;
				"CODE_SIGN_IDENTITY[sdk=iphoneos*]" = "iPhone Developer";
				COPY_PHASE_STRIP = NO;
				DEBUG_INFORMATION_FORMAT = dwarf;
				ENABLE_STRICT_OBJC_MSGSEND = YES;
				ENABLE_TESTABILITY = YES;
				GCC_C_LANGUAGE_STANDARD = gnu99;
				GCC_DYNAMIC_NO_PIC = NO;
				GCC_NO_COMMON_BLOCKS = YES;
				GCC_OPTIMIZATION_LEVEL = 0;
				GCC_PREPROCESSOR_DEFINITIONS = (
					"DEBUG=1",
					"$(inherited)",
				);
				GCC_WARN_64_TO_32_BIT_CONVERSION = YES;
				GCC_WARN_ABOUT_RETURN_TYPE = YES_ERROR;
				GCC_WARN_UNDECLARED_SELECTOR = YES;
				GCC_WARN_UNINITIALIZED_AUTOS = YES_AGGRESSIVE;
				GCC_WARN_UNUSED_FUNCTION = YES;
				GCC_WARN_UNUSED_VARIABLE = YES;
				IPHONEOS_DEPLOYMENT_TARGET = 9.3;
				MTL_ENABLE_DEBUG_INFO = YES;
				ONLY_ACTIVE_ARCH = YES;
				SDKROOT = iphoneos;
			};
			name = Debug;
		};
		350C8D3F1DE69C33005B8C27 /* Release */ = {
			isa = XCBuildConfiguration;
			buildSettings = {
				ALWAYS_SEARCH_USER_PATHS = NO;
				CLANG_ANALYZER_NONNULL = YES;
				CLANG_CXX_LANGUAGE_STANDARD = "gnu++0x";
				CLANG_CXX_LIBRARY = "libc++";
				CLANG_ENABLE_MODULES = YES;
				CLANG_ENABLE_OBJC_ARC = YES;
				CLANG_WARN_BOOL_CONVERSION = YES;
				CLANG_WARN_CONSTANT_CONVERSION = YES;
				CLANG_WARN_DIRECT_OBJC_ISA_USAGE = YES_ERROR;
				CLANG_WARN_EMPTY_BODY = YES;
				CLANG_WARN_ENUM_CONVERSION = YES;
				CLANG_WARN_INT_CONVERSION = YES;
				CLANG_WARN_OBJC_ROOT_CLASS = YES_ERROR;
				CLANG_WARN_UNREACHABLE_CODE = YES;
				CLANG_WARN__DUPLICATE_METHOD_MATCH = YES;
				"CODE_SIGN_IDENTITY[sdk=iphoneos*]" = "iPhone Developer";
				COPY_PHASE_STRIP = NO;
				DEBUG_INFORMATION_FORMAT = "dwarf-with-dsym";
				ENABLE_NS_ASSERTIONS = NO;
				ENABLE_STRICT_OBJC_MSGSEND = YES;
				GCC_C_LANGUAGE_STANDARD = gnu99;
				GCC_NO_COMMON_BLOCKS = YES;
				GCC_WARN_64_TO_32_BIT_CONVERSION = YES;
				GCC_WARN_ABOUT_RETURN_TYPE = YES_ERROR;
				GCC_WARN_UNDECLARED_SELECTOR = YES;
				GCC_WARN_UNINITIALIZED_AUTOS = YES_AGGRESSIVE;
				GCC_WARN_UNUSED_FUNCTION = YES;
				GCC_WARN_UNUSED_VARIABLE = YES;
				IPHONEOS_DEPLOYMENT_TARGET = 9.3;
				MTL_ENABLE_DEBUG_INFO = NO;
				SDKROOT = iphoneos;
				VALIDATE_PRODUCT = YES;
			};
			name = Release;
		};
		350C8D411DE69C33005B8C27 /* Debug */ = {
			isa = XCBuildConfiguration;
			buildSettings = {
				ASSETCATALOG_COMPILER_APPICON_NAME = AppIcon;
				INFOPLIST_FILE = FeedDemo/Info.plist;
				LD_RUNPATH_SEARCH_PATHS = "$(inherited) @executable_path/Frameworks";
				PRODUCT_BUNDLE_IDENTIFIER = Mr.DING.FeedDemo;
				PRODUCT_NAME = "$(TARGET_NAME)";
			};
			name = Debug;
		};
		350C8D421DE69C33005B8C27 /* Release */ = {
			isa = XCBuildConfiguration;
			buildSettings = {
				ASSETCATALOG_COMPILER_APPICON_NAME = AppIcon;
				INFOPLIST_FILE = FeedDemo/Info.plist;
				LD_RUNPATH_SEARCH_PATHS = "$(inherited) @executable_path/Frameworks";
				PRODUCT_BUNDLE_IDENTIFIER = Mr.DING.FeedDemo;
				PRODUCT_NAME = "$(TARGET_NAME)";
			};
			name = Release;
		};
/* End XCBuildConfiguration section */

/* Begin XCConfigurationList section */
		350C8D241DE69C33005B8C27 /* Build configuration list for PBXProject "FeedDemo" */ = {
			isa = XCConfigurationList;
			buildConfigurations = (
				350C8D3E1DE69C33005B8C27 /* Debug */,
				350C8D3F1DE69C33005B8C27 /* Release */,
			);
			defaultConfigurationIsVisible = 0;
			defaultConfigurationName = Release;
		};
		350C8D401DE69C33005B8C27 /* Build configuration list for PBXNativeTarget "FeedDemo" */ = {
			isa = XCConfigurationList;
			buildConfigurations = (
				350C8D411DE69C33005B8C27 /* Debug */,
				350C8D421DE69C33005B8C27 /* Release */,
			);
			defaultConfigurationIsVisible = 0;
		};
/* End XCConfigurationList section */
	};
	rootObject = 350C8D211DE69C33005B8C27 /* Project object */;
}
